{
    "doctrine/deprecations": {
        "version": "v0.5.3"
    },
    "friendsofphp/proxy-manager-lts": {
        "version": "v1.0.3"
    },
    "fzaninotto/faker": {
        "version": "v1.9.2"
    },
    "laminas/laminas-code": {
        "version": "4.2.1"
    },
    "laminas/laminas-eventmanager": {
        "version": "3.3.1"
    },
    "laminas/laminas-zendframework-bridge": {
        "version": "1.2.0"
    },
    "lcobucci/clock": {
        "version": "2.0.0"
    },
    "symfony/deprecation-contracts": {
        "version": "v2.4.0"
    },
    "symfony/orm-pack": {
        "version": "v2.1.0"
    },
    "symfony/proxy-manager-bridge": {
        "version": "v4.4.20"
    }
}
